
Microsoft Visual Studio Solution File, Format Version 12.00
# Visual Studio Version 17
VisualStudioVersion = 17.5.33424.131
MinimumVisualStudioVersion = 10.0.40219.1
Project("{FAE04EC0-301F-11D3-BF4B-00C04F79EFBC}") = "GenshinReviewApp", "GenshinReviewApp\GenshinReviewApp.csproj", "{AD348AFF-C63A-42D6-A184-F4E0A39F89FF}"
EndProject
Global
	GlobalSection(SolutionConfigurationPlatforms) = preSolution
		Debug|Any CPU = Debug|Any CPU
		Release|Any CPU = Release|Any CPU
	EndGlobalSection
	GlobalSection(ProjectConfigurationPlatforms) = postSolution
		{AD348AFF-C63A-42D6-A184-F4E0A39F89FF}.Debug|Any CPU.ActiveCfg = Debug|Any CPU
		{AD348AFF-C63A-42D6-A184-F4E0A39F89FF}.Debug|Any CPU.Build.0 = Debug|Any CPU
		{AD348AFF-C63A-42D6-A184-F4E0A39F89FF}.Release|Any CPU.ActiveCfg = Release|Any CPU
		{AD348AFF-C63A-42D6-A184-F4E0A39F89FF}.Release|Any CPU.Build.0 = Release|Any CPU
	EndGlobalSection
	GlobalSection(SolutionProperties) = preSolution
		HideSolutionNode = FALSE
	EndGlobalSection
	GlobalSection(ExtensibilityGlobals) = postSolution
		SolutionGuid = {EAD2A791-EB19-43B6-8C63-A798C1D3A224}
	EndGlobalSection
EndGlobal
